// !$*UTF8*$!
{
 archiveVersion = 1;
 classes = {};
 objectVersion = 56;
 objects = {
  F001 = {isa = PBXFileReference; explicitFileType = wrapper.application; includeInIndex = 0; path = DynamicIsland11.app; sourceTree = BUILT_PRODUCTS_DIR;};
  F002 = {isa = PBXFileReference; lastKnownFileType = sourcecode.swift; path = DynamicIsland11App.swift; sourceTree = "<group>";};
  F003 = {isa = PBXFileReference; lastKnownFileType = sourcecode.swift; path = ContentView.swift; sourceTree = "<group>";};
  F004 = {isa = PBXFileReference; lastKnownFileType = sourcecode.swift; path = DynamicIslandView.swift; sourceTree = "<group>";};
  F005 = {isa = PBXFileReference; lastKnownFileType = sourcecode.swift; path = IslandState.swift; sourceTree = "<group>";};
  F006 = {isa = PBXFileReference; lastKnownFileType = sourcecode.swift; path = MusicPlayerModel.swift; sourceTree = "<group>";};
  F007 = {isa = PBXFileReference; lastKnownFileType = folder.assetcatalog; path = Assets.xcassets; sourceTree = "<group>";};
  F008 = {isa = PBXFileReference; lastKnownFileType = text.plist.xml; path = Info.plist; sourceTree = "<group>";};
  F009 = {isa = PBXFileReference; lastKnownFileType = sourcecode.swift; path = DynamicIslandActivityAttributes.swift; sourceTree = "<group>";};
  F010 = {isa = PBXFileReference; lastKnownFileType = sourcecode.swift; path = LiveActivityManager.swift; sourceTree = "<group>";};
  F011 = {isa = PBXFileReference; explicitFileType = wrapper.app-extension; includeInIndex = 0; path = DynamicIslandLiveActivity.appex; sourceTree = BUILT_PRODUCTS_DIR;};
  F012 = {isa = PBXFileReference; lastKnownFileType = sourcecode.swift; path = DynamicIslandLiveActivity.swift; sourceTree = "<group>";};
  F013 = {isa = PBXFileReference; lastKnownFileType = text.plist.xml; path = Info.plist; sourceTree = "<group>";};

  B001 = {isa = PBXBuildFile; fileRef = F002;};
  B002 = {isa = PBXBuildFile; fileRef = F003;};
  B003 = {isa = PBXBuildFile; fileRef = F004;};
  B004 = {isa = PBXBuildFile; fileRef = F005;};
  B005 = {isa = PBXBuildFile; fileRef = F006;};
  B006 = {isa = PBXBuildFile; fileRef = F007;};
  B007 = {isa = PBXBuildFile; fileRef = F009;};
  B008 = {isa = PBXBuildFile; fileRef = F010;};
  B009 = {isa = PBXBuildFile; fileRef = F012;};
  B010 = {isa = PBXBuildFile; fileRef = F011; settings = {ATTRIBUTES = (RemoveHeadersOnCopy,);};};
  B011 = {isa = PBXBuildFile; fileRef = F009;};

  G001 = {isa = PBXGroup; children = (F002,F003,F004,F005,F006,F007,F008,F009,F010); path = DynamicIsland11; sourceTree = "<group>";};
  G002 = {isa = PBXGroup; children = (F012,F013); path = DynamicIslandLiveActivity; sourceTree = "<group>";};
  G003 = {isa = PBXGroup; children = (F001,F011); name = Products; sourceTree = "<group>";};
  G004 = {isa = PBXGroup; children = (G001,G002,G003); sourceTree = "<group>";};

  P001 = {isa = PBXSourcesBuildPhase; buildActionMask = 2147483647; files = (B001,B002,B003,B004,B005,B007,B008); runOnlyForDeploymentPostprocessing = 0;};
  P002 = {isa = PBXResourcesBuildPhase; buildActionMask = 2147483647; files = (B006); runOnlyForDeploymentPostprocessing = 0;};
  P003 = {isa = PBXFrameworksBuildPhase; buildActionMask = 2147483647; files = (); runOnlyForDeploymentPostprocessing = 0;};
  P004 = {isa = PBXSourcesBuildPhase; buildActionMask = 2147483647; files = (B009,B011); runOnlyForDeploymentPostprocessing = 0;};
  P005 = {isa = PBXResourcesBuildPhase; buildActionMask = 2147483647; files = (); runOnlyForDeploymentPostprocessing = 0;};
  P006 = {isa = PBXFrameworksBuildPhase; buildActionMask = 2147483647; files = (); runOnlyForDeploymentPostprocessing = 0;};
  P007 = {isa = PBXCopyFilesBuildPhase; buildActionMask = 2147483647; dstPath = ""; dstSubfolderSpec = 13; files = (B010); name = "Embed Foundation Extensions"; runOnlyForDeploymentPostprocessing = 0;};

  T001 = {isa = PBXNativeTarget; buildConfigurationList = C001; buildPhases = (P001,P003,P002,P007); buildRules = (); dependencies = (D001); name = DynamicIsland11; productName = DynamicIsland11; productReference = F001; productType = "com.apple.product-type.application";};
  T002 = {isa = PBXNativeTarget; buildConfigurationList = C002; buildPhases = (P004,P006,P005); buildRules = (); dependencies = (); name = DynamicIslandLiveActivity; productName = DynamicIslandLiveActivity; productReference = F011; productType = "com.apple.product-type.app-extension";};
  D001 = {isa = PBXTargetDependency; target = T002; targetProxy = X001;};
  X001 = {isa = PBXContainerItemProxy; containerPortal = PRJ1; proxyType = 1; remoteGlobalIDString = T002; remoteInfo = DynamicIslandLiveActivity;};

  PRJ1 = {isa = PBXProject; attributes = {BuildIndependentTargetsInParallel = 1; LastSwiftUpdateCheck = 1500; LastUpgradeCheck = 1500; TargetAttributes = {T001 = {CreatedOnToolsVersion = 15.0;}; T002 = {CreatedOnToolsVersion = 15.0;};};}; buildConfigurationList = C003; compatibilityVersion = "Xcode 14.0"; developmentRegion = en; hasScannedForEncodings = 0; knownRegions = (en,Base); mainGroup = G004; productRefGroup = G003; projectDirPath = ""; projectRoot = ""; targets = (T001,T002);};

  C001 = {isa = XCConfigurationList; buildConfigurations = (C004,C005); defaultConfigurationIsVisible = 0; defaultConfigurationName = Release;};
  C002 = {isa = XCConfigurationList; buildConfigurations = (C006,C007); defaultConfigurationIsVisible = 0; defaultConfigurationName = Release;};
  C003 = {isa = XCConfigurationList; buildConfigurations = (C008,C009); defaultConfigurationIsVisible = 0; defaultConfigurationName = Release;};

  C004 = {isa = XCBuildConfiguration; buildSettings = {ASSETCATALOG_COMPILER_APPICON_NAME = AppIcon; ASSETCATALOG_COMPILER_GLOBAL_ACCENT_COLOR_NAME = AccentColor; CODE_SIGN_STYLE = Automatic; CODE_SIGN_INJECT_BASE_ENTITLEMENTS = NO; CURRENT_PROJECT_VERSION = 4; GENERATE_INFOPLIST_FILE = NO; INFOPLIST_FILE = DynamicIsland11/Info.plist; IPHONEOS_DEPLOYMENT_TARGET = 16.2; LD_RUNPATH_SEARCH_PATHS = ("$(inherited)","@executable_path/Frameworks"); MARKETING_VERSION = 4.0; PRODUCT_BUNDLE_IDENTIFIER = com.dynamicisland11.app; PRODUCT_NAME = "$(TARGET_NAME)"; SWIFT_VERSION = 5.0; TARGETED_DEVICE_FAMILY = 1;}; name = Debug;};
  C005 = {isa = XCBuildConfiguration; buildSettings = {ASSETCATALOG_COMPILER_APPICON_NAME = AppIcon; ASSETCATALOG_COMPILER_GLOBAL_ACCENT_COLOR_NAME = AccentColor; CODE_SIGN_STYLE = Automatic; CODE_SIGN_INJECT_BASE_ENTITLEMENTS = NO; CURRENT_PROJECT_VERSION = 4; GENERATE_INFOPLIST_FILE = NO; INFOPLIST_FILE = DynamicIsland11/Info.plist; IPHONEOS_DEPLOYMENT_TARGET = 16.2; LD_RUNPATH_SEARCH_PATHS = ("$(inherited)","@executable_path/Frameworks"); MARKETING_VERSION = 4.0; PRODUCT_BUNDLE_IDENTIFIER = com.dynamicisland11.app; PRODUCT_NAME = "$(TARGET_NAME)"; SWIFT_COMPILATION_MODE = wholemodule; SWIFT_OPTIMIZATION_LEVEL = "-O"; SWIFT_VERSION = 5.0; TARGETED_DEVICE_FAMILY = 1;}; name = Release;};
  C006 = {isa = XCBuildConfiguration; buildSettings = {APPLICATION_EXTENSION_API_ONLY = YES; CODE_SIGN_STYLE = Automatic; CODE_SIGN_INJECT_BASE_ENTITLEMENTS = NO; CURRENT_PROJECT_VERSION = 4; GENERATE_INFOPLIST_FILE = NO; INFOPLIST_FILE = DynamicIslandLiveActivity/Info.plist; IPHONEOS_DEPLOYMENT_TARGET = 16.2; MARKETING_VERSION = 4.0; PRODUCT_BUNDLE_IDENTIFIER = com.dynamicisland11.app.liveactivity; PRODUCT_NAME = "$(TARGET_NAME)"; SKIP_INSTALL = YES; SWIFT_VERSION = 5.0; TARGETED_DEVICE_FAMILY = 1;}; name = Debug;};
  C007 = {isa = XCBuildConfiguration; buildSettings = {APPLICATION_EXTENSION_API_ONLY = YES; CODE_SIGN_STYLE = Automatic; CODE_SIGN_INJECT_BASE_ENTITLEMENTS = NO; CURRENT_PROJECT_VERSION = 4; GENERATE_INFOPLIST_FILE = NO; INFOPLIST_FILE = DynamicIslandLiveActivity/Info.plist; IPHONEOS_DEPLOYMENT_TARGET = 16.2; MARKETING_VERSION = 4.0; PRODUCT_BUNDLE_IDENTIFIER = com.dynamicisland11.app.liveactivity; PRODUCT_NAME = "$(TARGET_NAME)"; SKIP_INSTALL = YES; SWIFT_COMPILATION_MODE = wholemodule; SWIFT_OPTIMIZATION_LEVEL = "-O"; SWIFT_VERSION = 5.0; TARGETED_DEVICE_FAMILY = 1;}; name = Release;};
  C008 = {isa = XCBuildConfiguration; buildSettings = {ALWAYS_SEARCH_USER_PATHS = NO; CLANG_ENABLE_MODULES = YES; CLANG_ENABLE_OBJC_ARC = YES; COPY_PHASE_STRIP = NO; DEBUG_INFORMATION_FORMAT = dwarf; GCC_C_LANGUAGE_STANDARD = gnu11; GCC_NO_COMMON_BLOCKS = YES; GCC_WARN_64_TO_32_BIT_CONVERSION = YES; GCC_WARN_ABOUT_RETURN_TYPE = YES_ERROR; IPHONEOS_DEPLOYMENT_TARGET = 16.2; SDKROOT = iphoneos; SWIFT_ACTIVE_COMPILATION_CONDITIONS = DEBUG; SWIFT_OPTIMIZATION_LEVEL = "-Onone";}; name = Debug;};
  C009 = {isa = XCBuildConfiguration; buildSettings = {ALWAYS_SEARCH_USER_PATHS = NO; CLANG_ENABLE_MODULES = YES; CLANG_ENABLE_OBJC_ARC = YES; COPY_FILE_STRIP = NO; DEBUG_INFORMATION_FORMAT = "dwarf-with-dsym"; GCC_C_LANGUAGE_STANDARD = gnu11; GCC_NO_COMMON_BLOCKS = YES; GCC_WARN_64_TO_32_BIT_CONVERSION = YES; GCC_WARN_ABOUT_RETURN_TYPE = YES; IPHONEOS_DEPLOYMENT_TARGET = 16.2; SDKROOT = iphoneos; SWIFT_COMPILATION_MODE = wholemodule; SWIFT_OPTIMIZATION_LEVEL = "-O"; VALIDATE_PRODUCT = YES;}; name = Release;};
 };
 rootObject = PRJ1;
}
